
Microsoft Visual Studio Solution File, Format Version 12.00
# Visual Studio 15
VisualStudioVersion = 15.0.28307.1800
MinimumVisualStudioVersion = 10.0.40219.1
Project("{D2ABAB84-BF74-430A-B69E-9DC6D40DDA17}") = "Hotel_Booking_2nd", "Hotel_Booking_2nd\Hotel_Booking_2nd.dwproj", "{3EDD2121-5A99-45FA-9220-FE67F299AE3A}"
EndProject
Global
	GlobalSection(SolutionConfigurationPlatforms) = preSolution
		Development|Default = Development|Default
	EndGlobalSection
	GlobalSection(ProjectConfigurationPlatforms) = postSolution
		{3EDD2121-5A99-45FA-9220-FE67F299AE3A}.Development|Default.ActiveCfg = Development
		{3EDD2121-5A99-45FA-9220-FE67F299AE3A}.Development|Default.Build.0 = Development
		{3EDD2121-5A99-45FA-9220-FE67F299AE3A}.Development|Default.Deploy.0 = Development
	EndGlobalSection
	GlobalSection(SolutionProperties) = preSolution
		HideSolutionNode = FALSE
	EndGlobalSection
	GlobalSection(ExtensibilityGlobals) = postSolution
		SolutionGuid = {F4E0C730-D5D7-4820-A7F6-4B3B0A2F35FD}
	EndGlobalSection
EndGlobal
